
Microsoft Visual Studio Solution File, Format Version 12.00
# Visual Studio 15
VisualStudioVersion = 15.0.26730.15
MinimumVisualStudioVersion = 10.0.40219.1
Project("{FAE04EC0-301F-11D3-BF4B-00C04F79EFBC}") = "GameManagerMVVM", "GameManagerMVVM\GameManagerMVVM.csproj", "{1AEBCE02-C3B3-4571-A704-3412AD5C14B7}"
EndProject
Global
	GlobalSection(SolutionConfigurationPlatforms) = preSolution
		Debug|Any CPU = Debug|Any CPU
		Release|Any CPU = Release|Any CPU
	EndGlobalSection
	GlobalSection(ProjectConfigurationPlatforms) = postSolution
		{1AEBCE02-C3B3-4571-A704-3412AD5C14B7}.Debug|Any CPU.ActiveCfg = Debug|Any CPU
		{1AEBCE02-C3B3-4571-A704-3412AD5C14B7}.Debug|Any CPU.Build.0 = Debug|Any CPU
		{1AEBCE02-C3B3-4571-A704-3412AD5C14B7}.Release|Any CPU.ActiveCfg = Release|Any CPU
		{1AEBCE02-C3B3-4571-A704-3412AD5C14B7}.Release|Any CPU.Build.0 = Release|Any CPU
	EndGlobalSection
	GlobalSection(SolutionProperties) = preSolution
		HideSolutionNode = FALSE
	EndGlobalSection
	GlobalSection(ExtensibilityGlobals) = postSolution
		SolutionGuid = {9C5D6788-4793-47F0-81C0-95E456D570C7}
	EndGlobalSection
EndGlobal
